
Microsoft Visual Studio Solution File, Format Version 12.00
# Visual Studio 15
VisualStudioVersion = 15.0.28307.572
MinimumVisualStudioVersion = 10.0.40219.1
Project("{FAE04EC0-301F-11D3-BF4B-00C04F79EFBC}") = "CSharpTestProject", "CSharpTestProject\CSharpTestProject.csproj", "{717F13EC-73FB-4377-B846-9D2024463250}"
EndProject
Global
	GlobalSection(SolutionConfigurationPlatforms) = preSolution
		Debug|Any CPU = Debug|Any CPU
		Release|Any CPU = Release|Any CPU
	EndGlobalSection
	GlobalSection(ProjectConfigurationPlatforms) = postSolution
		{717F13EC-73FB-4377-B846-9D2024463250}.Debug|Any CPU.ActiveCfg = Debug|Any CPU
		{717F13EC-73FB-4377-B846-9D2024463250}.Debug|Any CPU.Build.0 = Debug|Any CPU
		{717F13EC-73FB-4377-B846-9D2024463250}.Release|Any CPU.ActiveCfg = Release|Any CPU
		{717F13EC-73FB-4377-B846-9D2024463250}.Release|Any CPU.Build.0 = Release|Any CPU
	EndGlobalSection
	GlobalSection(SolutionProperties) = preSolution
		HideSolutionNode = FALSE
	EndGlobalSection
	GlobalSection(ExtensibilityGlobals) = postSolution
		SolutionGuid = {62A207EF-0C19-4FC4-A5B6-4BBE9DDCFEDC}
	EndGlobalSection
EndGlobal
